github.com/amarnathcjd/gogram v1.5.10-0.20250426204309-66d43ab3445a h1:Kn6437YHhWZDorGlsoLw8IruKp1+OxubCQt7X9v0rSU=
github.com/amarnathcjd/gogram v1.5.10-0.20250426204309-66d43ab3445a/go.mod h1:7Ns4qq3IQ5C2j0h4OmkDOzAkVh01bwUEdsfQ0tdRvMU=
github.com/amarnathcjd/gogram v1.5.10-0.20250509083027-4459b8d93840 h1:1fJsxOpoOVXma/Vg59tQDs7NKAKCQwPxz+FKOW95+TE=
github.com/amarnathcjd/gogram v1.5.10-0.20250509083027-4459b8d93840/go.mod h1:7Ns4qq3IQ5C2j0h4OmkDOzAkVh01bwUEdsfQ0tdRvMU=
github.com/joho/godotenv v1.5.1 h1:7eLL/+HRGLY0ldzfGMeQkb7vMd0as4CfYvUVzLqw0N0=
github.com/joho/godotenv v1.5.1/go.mod h1:f4LDr5Voq0i2e/R5DDNOoa2zzDfwtkZa6DnEwAbqwq4=
github.com/pkg/errors v0.9.1 h1:FEBLx1zS214owpjy7qsBeixbURkuhQAwrK5UwLGTwt4=
github.com/pkg/errors v0.9.1/go.mod h1:bwawxfHBFNV+L2hUp1rHADufV3IMtnDRdf1r5NINEl0=
golang.org/x/net v0.38.0 h1:vRMAPTMaeGqVhG5QyLJHqNDwecKTomGeqbnfZyKlBI8=
golang.org/x/net v0.38.0/go.mod h1:ivrbrMbzFq5J41QOQh0siUuly180yBYtLp+CKbEaFx8=
