github.com/amarnathcjd/gogram v1.5.10-0.20250411082620-305f6e5b308b h1:Cyq5fATh4FbcSzya9OmWSRPf5CzIrAPD0dg3fYP0ybg=
github.com/amarnathcjd/gogram v1.5.10-0.20250411082620-305f6e5b308b/go.mod h1:7Ns4qq3IQ5C2j0h4OmkDOzAkVh01bwUEdsfQ0tdRvMU=
github.com/amarnathcjd/gogram v1.5.10-0.20250420072643-d6776b103a80 h1:voam26OIkwSIp6FQVujCZAkrU5mS16XChJYnRg5g9FU=
github.com/amarnathcjd/gogram v1.5.10-0.20250420072643-d6776b103a80/go.mod h1:7Ns4qq3IQ5C2j0h4OmkDOzAkVh01bwUEdsfQ0tdRvMU=
github.com/joho/godotenv v1.5.1 h1:7eLL/+HRGLY0ldzfGMeQkb7vMd0as4CfYvUVzLqw0N0=
github.com/joho/godotenv v1.5.1/go.mod h1:f4LDr5Voq0i2e/R5DDNOoa2zzDfwtkZa6DnEwAbqwq4=
github.com/pkg/errors v0.9.1 h1:FEBLx1zS214owpjy7qsBeixbURkuhQAwrK5UwLGTwt4=
github.com/pkg/errors v0.9.1/go.mod h1:bwawxfHBFNV+L2hUp1rHADufV3IMtnDRdf1r5NINEl0=
golang.org/x/net v0.36.0 h1:vWF2fRbw4qslQsQzgFqZff+BItCvGFQqKzKIzx1rmoA=
golang.org/x/net v0.36.0/go.mod h1:bFmbeoIPfrw4sMHNhb4J9f6+tPziuGjq7Jk/38fxi1I=
